
Microsoft Visual Studio Solution File, Format Version 12.00
# Visual Studio Version 17
VisualStudioVersion = 17.0.32112.339
MinimumVisualStudioVersion = 10.0.40219.1
Project("{9A19103F-16F7-4668-BE54-9A1E7A4F7556}") = "Telegrama.Server", "Telegrama\Server\Telegrama.Server.csproj", "{7821875E-EE3C-462B-B6A7-3C3C2F7D7EC6}"
EndProject
Project("{FAE04EC0-301F-11D3-BF4B-00C04F79EFBC}") = "Operador", "Operador\Operador.csproj", "{4A1E391F-69B0-4557-BFBC-BA6DA889F9D7}"
EndProject
Global
	GlobalSection(SolutionConfigurationPlatforms) = preSolution
		Debug|Any CPU = Debug|Any CPU
		Release|Any CPU = Release|Any CPU
	EndGlobalSection
	GlobalSection(ProjectConfigurationPlatforms) = postSolution
		{7821875E-EE3C-462B-B6A7-3C3C2F7D7EC6}.Debug|Any CPU.ActiveCfg = Debug|Any CPU
		{7821875E-EE3C-462B-B6A7-3C3C2F7D7EC6}.Debug|Any CPU.Build.0 = Debug|Any CPU
		{7821875E-EE3C-462B-B6A7-3C3C2F7D7EC6}.Release|Any CPU.ActiveCfg = Release|Any CPU
		{7821875E-EE3C-462B-B6A7-3C3C2F7D7EC6}.Release|Any CPU.Build.0 = Release|Any CPU
		{4A1E391F-69B0-4557-BFBC-BA6DA889F9D7}.Debug|Any CPU.ActiveCfg = Debug|Any CPU
		{4A1E391F-69B0-4557-BFBC-BA6DA889F9D7}.Debug|Any CPU.Build.0 = Debug|Any CPU
		{4A1E391F-69B0-4557-BFBC-BA6DA889F9D7}.Release|Any CPU.ActiveCfg = Release|Any CPU
		{4A1E391F-69B0-4557-BFBC-BA6DA889F9D7}.Release|Any CPU.Build.0 = Release|Any CPU
	EndGlobalSection
	GlobalSection(SolutionProperties) = preSolution
		HideSolutionNode = FALSE
	EndGlobalSection
	GlobalSection(ExtensibilityGlobals) = postSolution
		SolutionGuid = {940F4131-2570-4C9C-8104-57F02E2C1138}
	EndGlobalSection
EndGlobal
